<Solution>
  <Folder Name="/Solution Items/">
    <File Path=".editorconfig" />
    <File Path="Directory.Build.props" />
    <File Path="Directory.Packages.props" />
  </Folder>
  <Project Path="Toolbox.Wasm.Core/Toolbox.Wasm.Core.csproj" />
  <Project Path="Toolbox.Wasm.Tests/Toolbox.Wasm.Tests.csproj" />
  <Project Path="Toolbox.Wasm/Toolbox.Wasm.csproj" />
</Solution>
